
Microsoft Visual Studio Solution File, Format Version 12.00
# Visual Studio Version 17
VisualStudioVersion = 17.14.36414.22
MinimumVisualStudioVersion = 10.0.40219.1
Project("{FAE04EC0-301F-11D3-BF4B-00C04F79EFBC}") = "Pascual.TaskManagementSystem.Blazor", "Pascual.TaskManagementSystem.Blazor\Pascual.TaskManagementSystem.Blazor.csproj", "{BA7AA125-E6F2-4869-B17C-73E67045EA77}"
EndProject
Project("{FAE04EC0-301F-11D3-BF4B-00C04F79EFBC}") = "Pascual.TaskManagementSystem.Domain", "Pascual.TaskManagementSystem.Domain\Pascual.TaskManagementSystem.Domain.csproj", "{3F156AFD-8465-4DD2-B0A8-8063FF91F724}"
EndProject
Project("{FAE04EC0-301F-11D3-BF4B-00C04F79EFBC}") = "Pascual.TaskManagementSystem.Application", "Pascual.TaskManagementSystem.Application\Pascual.TaskManagementSystem.Application.csproj", "{9BC9953E-4C36-4C90-BC66-CF7F8C5EECD9}"
EndProject
Project("{FAE04EC0-301F-11D3-BF4B-00C04F79EFBC}") = "Pascual.TaskManagementSystem.Infrastructure", "Pascual.TaskManagementSystem.Infrastructure\Pascual.TaskManagementSystem.Infrastructure.csproj", "{81109B13-A96B-47A5-A2B2-139E0715554F}"
EndProject
Project("{FAE04EC0-301F-11D3-BF4B-00C04F79EFBC}") = "Pascual.TaskManagementSystem.API", "Pascual.TaskManagementSystem.API\Pascual.TaskManagementSystem.API.csproj", "{E97D319E-7473-4C86-88B6-4F4F69D5CE66}"
EndProject
Global
	GlobalSection(SolutionConfigurationPlatforms) = preSolution
		Debug|Any CPU = Debug|Any CPU
		Release|Any CPU = Release|Any CPU
	EndGlobalSection
	GlobalSection(ProjectConfigurationPlatforms) = postSolution
		{BA7AA125-E6F2-4869-B17C-73E67045EA77}.Debug|Any CPU.ActiveCfg = Debug|Any CPU
		{BA7AA125-E6F2-4869-B17C-73E67045EA77}.Debug|Any CPU.Build.0 = Debug|Any CPU
		{BA7AA125-E6F2-4869-B17C-73E67045EA77}.Release|Any CPU.ActiveCfg = Release|Any CPU
		{BA7AA125-E6F2-4869-B17C-73E67045EA77}.Release|Any CPU.Build.0 = Release|Any CPU
		{3F156AFD-8465-4DD2-B0A8-8063FF91F724}.Debug|Any CPU.ActiveCfg = Debug|Any CPU
		{3F156AFD-8465-4DD2-B0A8-8063FF91F724}.Debug|Any CPU.Build.0 = Debug|Any CPU
		{3F156AFD-8465-4DD2-B0A8-8063FF91F724}.Release|Any CPU.ActiveCfg = Release|Any CPU
		{3F156AFD-8465-4DD2-B0A8-8063FF91F724}.Release|Any CPU.Build.0 = Release|Any CPU
		{9BC9953E-4C36-4C90-BC66-CF7F8C5EECD9}.Debug|Any CPU.ActiveCfg = Debug|Any CPU
		{9BC9953E-4C36-4C90-BC66-CF7F8C5EECD9}.Debug|Any CPU.Build.0 = Debug|Any CPU
		{9BC9953E-4C36-4C90-BC66-CF7F8C5EECD9}.Release|Any CPU.ActiveCfg = Release|Any CPU
		{9BC9953E-4C36-4C90-BC66-CF7F8C5EECD9}.Release|Any CPU.Build.0 = Release|Any CPU
		{81109B13-A96B-47A5-A2B2-139E0715554F}.Debug|Any CPU.ActiveCfg = Debug|Any CPU
		{81109B13-A96B-47A5-A2B2-139E0715554F}.Debug|Any CPU.Build.0 = Debug|Any CPU
		{81109B13-A96B-47A5-A2B2-139E0715554F}.Release|Any CPU.ActiveCfg = Release|Any CPU
		{81109B13-A96B-47A5-A2B2-139E0715554F}.Release|Any CPU.Build.0 = Release|Any CPU
		{E97D319E-7473-4C86-88B6-4F4F69D5CE66}.Debug|Any CPU.ActiveCfg = Debug|Any CPU
		{E97D319E-7473-4C86-88B6-4F4F69D5CE66}.Debug|Any CPU.Build.0 = Debug|Any CPU
		{E97D319E-7473-4C86-88B6-4F4F69D5CE66}.Release|Any CPU.ActiveCfg = Release|Any CPU
		{E97D319E-7473-4C86-88B6-4F4F69D5CE66}.Release|Any CPU.Build.0 = Release|Any CPU
	EndGlobalSection
	GlobalSection(SolutionProperties) = preSolution
		HideSolutionNode = FALSE
	EndGlobalSection
	GlobalSection(ExtensibilityGlobals) = postSolution
		SolutionGuid = {CFD858BA-4DDF-4D96-85FD-3C6240CEF1F0}
	EndGlobalSection
EndGlobal
